
Microsoft Visual Studio Solution File, Format Version 12.00
# Visual Studio Version 17
VisualStudioVersion = 17.1.32421.90
MinimumVisualStudioVersion = 10.0.40219.1
Project("{FAE04EC0-301F-11D3-BF4B-00C04F79EFBC}") = "lab2_IPZ_11_Zganyayko_Volodymyr", "lab2_IPZ_11_Zganyayko_Volodymyr\lab2_IPZ_11_Zganyayko_Volodymyr.csproj", "{B5062E64-0901-42DE-859A-8687FDE8CCB0}"
EndProject
Global
	GlobalSection(SolutionConfigurationPlatforms) = preSolution
		Debug|Any CPU = Debug|Any CPU
		Release|Any CPU = Release|Any CPU
	EndGlobalSection
	GlobalSection(ProjectConfigurationPlatforms) = postSolution
		{B5062E64-0901-42DE-859A-8687FDE8CCB0}.Debug|Any CPU.ActiveCfg = Debug|Any CPU
		{B5062E64-0901-42DE-859A-8687FDE8CCB0}.Debug|Any CPU.Build.0 = Debug|Any CPU
		{B5062E64-0901-42DE-859A-8687FDE8CCB0}.Release|Any CPU.ActiveCfg = Release|Any CPU
		{B5062E64-0901-42DE-859A-8687FDE8CCB0}.Release|Any CPU.Build.0 = Release|Any CPU
	EndGlobalSection
	GlobalSection(SolutionProperties) = preSolution
		HideSolutionNode = FALSE
	EndGlobalSection
	GlobalSection(ExtensibilityGlobals) = postSolution
		SolutionGuid = {75D0B437-3AED-4A16-A8F8-4E32CB7F7644}
	EndGlobalSection
EndGlobal
